# THIS IS AN AUTOGENERATED FILE. DO NOT EDIT THIS FILE DIRECTLY.
# yarn lockfile v1


"@swc/helpers@^0.4.11":
  version "0.4.11"
  resolved "https://registry.yarnpkg.com/@swc/helpers/-/helpers-0.4.11.tgz#db23a376761b3d31c26502122f349a21b592c8de"
  integrity sha512-rEUrBSGIoSFuYxwBYtlUFMlE2CwGhmW+w9355/5oduSw8e5h2+Tj4UrAGNNgP9915++wj5vkQo0UuOBqOAq4nw==
  dependencies:
    tslib "^2.4.0"

"@tanstack/query-core@4.7.1":
  version "4.7.1"
  resolved "https://registry.yarnpkg.com/@tanstack/query-core/-/query-core-4.7.1.tgz#e732da7d0a4f31b4caa806099fc599617753d451"
  integrity sha512-BzFI4KdiklxfUUgNiO6E4XsSwaX5NscuIhP7aqWbS8Hqik1KohfvO+SXpftSZHOyzm0+XpycRsip/QEs3Hx3AA==

"@tanstack/react-query@^4.7.1":
  version "4.7.1"
  resolved "https://registry.yarnpkg.com/@tanstack/react-query/-/react-query-4.7.1.tgz#ff7d58e113b735c231138f9b9be828e1730923c4"
  integrity sha512-/3PBXuvdlvUbSv5eqgkda4VAN14t+rpDop9LnZmEmIMW8ARrbW7Rt6PYTya33JGaeo6XoztRzEH8TaY5S+neNQ==
  dependencies:
    "@tanstack/query-core" "4.7.1"
    use-sync-external-store "^1.2.0"

"@trpc/client@^10.0.0-proxy-beta.8":
  version "10.0.0-proxy-beta.8"
  resolved "https://registry.yarnpkg.com/@trpc/client/-/client-10.0.0-proxy-beta.8.tgz#a48bcbf62392d388817b2062af2412a58153fba0"
  integrity sha512-MDdftts73y/e7l9rF4mT8tH8xZjnBdOESCsF4Xs6PP9F8CA8XMEQH5qbftrKKQqKan/fQbi2dEZuhrdjljfGJg==

"@trpc/next@^10.0.0-proxy-beta.8":
  version "10.0.0-proxy-beta.8"
  resolved "https://registry.yarnpkg.com/@trpc/next/-/next-10.0.0-proxy-beta.8.tgz#5891b6c2573f69be9c77305c4f1f5dfb0124994e"
  integrity sha512-N3g2vGB/zrTNc7/oNCgE+W4hk3bqLBWBHGzuUXGVgtn8wI+acsrpU1bPrmzG9SrMzCDc2/E1Rb/kLcgaB8udNQ==
  dependencies:
    "@swc/helpers" "^0.4.11"
    react-ssr-prepass "^1.5.0"

"@trpc/react@^10.0.0-proxy-beta.8":
  version "10.0.0-proxy-beta.8"
  resolved "https://registry.yarnpkg.com/@trpc/react/-/react-10.0.0-proxy-beta.8.tgz#4cdc1119b28cd555e2504088bc3995972f6ee2cd"
  integrity sha512-YE0/T6ej5kTFCn4n6YMXXvMmKAR0TZcAD9tVmzWxGEYlmhqrR9a8b9N6aCh67v91MHMSi8g/kcR1mmdyXZQFAw==

"@trpc/server@^10.0.0-proxy-beta.8":
  version "10.0.0-proxy-beta.8"
  resolved "https://registry.yarnpkg.com/@trpc/server/-/server-10.0.0-proxy-beta.8.tgz#34b618d1c9a00c6eac79d90a1d0c86e7e2bf034d"
  integrity sha512-JSKA9f+nV5Mu3Yczbm3iWfu1S94Yj/xM6pjp/P0kCdtyKBm9qqoMsxpx6Qf6LISGKNYA/uV2LdFln2Xdw4T8Lg==

react-ssr-prepass@^1.5.0:
  version "1.5.0"
  resolved "https://registry.yarnpkg.com/react-ssr-prepass/-/react-ssr-prepass-1.5.0.tgz#bc4ca7fcb52365e6aea11cc254a3d1bdcbd030c5"
  integrity sha512-yFNHrlVEReVYKsLI5lF05tZoHveA5pGzjFbFJY/3pOqqjGOmMmqx83N4hIjN2n6E1AOa+eQEUxs3CgRnPmT0RQ==

tslib@^2.4.0:
  version "2.4.0"
  resolved "https://registry.yarnpkg.com/tslib/-/tslib-2.4.0.tgz#7cecaa7f073ce680a05847aa77be941098f36dc3"
  integrity sha512-d6xOpEDfsi2CZVlPQzGeux8XMwLT9hssAsaPYExaQMuYskwb+x1x7J371tWlbBdWHroy99KnVB6qIkUbs5X3UQ==

typescript@^4.8.4:
  version "4.8.4"
  resolved "https://registry.yarnpkg.com/typescript/-/typescript-4.8.4.tgz#c464abca159669597be5f96b8943500b238e60e6"
  integrity sha512-QCh+85mCy+h0IGff8r5XWzOVSbBO+KfeYrMQh7NJ58QujwcE22u+NUSmUxqF+un70P9GXKxa2HCNiTTMJknyjQ==

use-sync-external-store@^1.2.0:
  version "1.2.0"
  resolved "https://registry.yarnpkg.com/use-sync-external-store/-/use-sync-external-store-1.2.0.tgz#7dbefd6ef3fe4e767a0cf5d7287aacfb5846928a"
  integrity sha512-eEgnFxGQ1Ife9bzYs6VLi8/4X6CObHMw9Qr9tPY43iKwsPw8xE8+EFsf/2cFZ5S3esXgpWgtSCtLNS41F+sKPA==

zod@^3.19.1:
  version "3.19.1"
  resolved "https://registry.yarnpkg.com/zod/-/zod-3.19.1.tgz#112f074a97b50bfc4772d4ad1576814bd8ac4473"
  integrity sha512-LYjZsEDhCdYET9ikFu6dVPGp2YH9DegXjdJToSzD9rO6fy4qiRYFoyEYwps88OseJlPyl2NOe2iJuhEhL7IpEA==
